// !$*UTF8*$!
{
	archiveVersion = 1;
	classes = {
	};
	objectVersion = 56;
	objects = {

/* Begin PBXBuildFile section */
		915D72032A40520D001D56D3 /* AppDelegate.swift in Sources */ = {isa = PBXBuildFile; fileRef = 915D72022A40520D001D56D3 /* AppDelegate.swift */; };
		915D72052A40520D001D56D3 /* SceneDelegate.swift in Sources */ = {isa = PBXBuildFile; fileRef = 915D72042A40520D001D56D3 /* SceneDelegate.swift */; };
		915D720C2A40520D001D56D3 /* Assets.xcassets in Resources */ = {isa = PBXBuildFile; fileRef = 915D720B2A40520D001D56D3 /* Assets.xcassets */; };
		915D720F2A40520D001D56D3 /* LaunchScreen.storyboard in Resources */ = {isa = PBXBuildFile; fileRef = 915D720D2A40520D001D56D3 /* LaunchScreen.storyboard */; };
		915D721A2A40520D001D56D3 /* FourChanTests.swift in Sources */ = {isa = PBXBuildFile; fileRef = 915D72192A40520D001D56D3 /* FourChanTests.swift */; };
		915D72242A40520D001D56D3 /* FourChanUITests.swift in Sources */ = {isa = PBXBuildFile; fileRef = 915D72232A40520D001D56D3 /* FourChanUITests.swift */; };
		915D72262A40520D001D56D3 /* FourChanUITestsLaunchTests.swift in Sources */ = {isa = PBXBuildFile; fileRef = 915D72252A40520D001D56D3 /* FourChanUITestsLaunchTests.swift */; };
		91B810942A407C5E0054D93A /* SnapKit in Frameworks */ = {isa = PBXBuildFile; productRef = 91B810932A407C5E0054D93A /* SnapKit */; };
		91B810972A4099320054D93A /* ThreadViewController.swift in Sources */ = {isa = PBXBuildFile; fileRef = 91B810962A4099320054D93A /* ThreadViewController.swift */; };
		91CFDC082A40531D00B15ECC /* FBLPromises in Frameworks */ = {isa = PBXBuildFile; productRef = 91CFDC072A40531D00B15ECC /* FBLPromises */; };
		91CFDC0A2A40531D00B15ECC /* FBLPromisesTestHelpers in Frameworks */ = {isa = PBXBuildFile; productRef = 91CFDC092A40531D00B15ECC /* FBLPromisesTestHelpers */; };
		91CFDC0C2A40531D00B15ECC /* Promises in Frameworks */ = {isa = PBXBuildFile; productRef = 91CFDC0B2A40531D00B15ECC /* Promises */; };
		91CFDC0E2A40531D00B15ECC /* PromisesTestHelpers in Frameworks */ = {isa = PBXBuildFile; productRef = 91CFDC0D2A40531D00B15ECC /* PromisesTestHelpers */; };
		91CFDC112A40532B00B15ECC /* Kingfisher in Frameworks */ = {isa = PBXBuildFile; productRef = 91CFDC102A40532B00B15ECC /* Kingfisher */; };
		91CFDC192A40539600B15ECC /* Alamofire in Frameworks */ = {isa = PBXBuildFile; productRef = 91CFDC182A40539600B15ECC /* Alamofire */; };
		91CFDC222A40583400B15ECC /* ThreadsViewController.swift in Sources */ = {isa = PBXBuildFile; fileRef = 91CFDC212A40583400B15ECC /* ThreadsViewController.swift */; };
		91CFDC242A40587800B15ECC /* ThreadsView.swift in Sources */ = {isa = PBXBuildFile; fileRef = 91CFDC232A40587800B15ECC /* ThreadsView.swift */; };
		91CFDC272A4058B700B15ECC /* BaseView.swift in Sources */ = {isa = PBXBuildFile; fileRef = 91CFDC262A4058B700B15ECC /* BaseView.swift */; };
		91CFDC292A4058D000B15ECC /* Builder.swift in Sources */ = {isa = PBXBuildFile; fileRef = 91CFDC282A4058D000B15ECC /* Builder.swift */; };
		91CFDC2C2A40596300B15ECC /* UIViewExtensions.swift in Sources */ = {isa = PBXBuildFile; fileRef = 91CFDC2B2A40596300B15ECC /* UIViewExtensions.swift */; };
		91CFDC2E2A405DAA00B15ECC /* UITableViewExtensions.swift in Sources */ = {isa = PBXBuildFile; fileRef = 91CFDC2D2A405DAA00B15ECC /* UITableViewExtensions.swift */; };
		91CFDC302A405EE100B15ECC /* ThreadsCell.swift in Sources */ = {isa = PBXBuildFile; fileRef = 91CFDC2F2A405EE100B15ECC /* ThreadsCell.swift */; };
		91CFDC332A406A0500B15ECC /* ThreadsTableViewDatasource.swift in Sources */ = {isa = PBXBuildFile; fileRef = 91CFDC322A406A0500B15ECC /* ThreadsTableViewDatasource.swift */; };
		91CFDC362A406A6000B15ECC /* ThreadsModels.swift in Sources */ = {isa = PBXBuildFile; fileRef = 91CFDC352A406A5F00B15ECC /* ThreadsModels.swift */; };
		91CFDC392A4070EB00B15ECC /* ThreadsStore.swift in Sources */ = {isa = PBXBuildFile; fileRef = 91CFDC382A4070EB00B15ECC /* ThreadsStore.swift */; };
		91CFDC3B2A40710E00B15ECC /* Observable.swift in Sources */ = {isa = PBXBuildFile; fileRef = 91CFDC3A2A40710E00B15ECC /* Observable.swift */; };
		91CFDC3E2A40726B00B15ECC /* Provider.swift in Sources */ = {isa = PBXBuildFile; fileRef = 91CFDC3D2A40726B00B15ECC /* Provider.swift */; };
		91CFDC402A40736800B15ECC /* DataRequestExtensions.swift in Sources */ = {isa = PBXBuildFile; fileRef = 91CFDC3F2A40736800B15ECC /* DataRequestExtensions.swift */; };
		91CFDC432A40743500B15ECC /* ThreadsProvider.swift in Sources */ = {isa = PBXBuildFile; fileRef = 91CFDC422A40743500B15ECC /* ThreadsProvider.swift */; };
		91CFDC452A40789A00B15ECC /* ThreadsViewModel.swift in Sources */ = {isa = PBXBuildFile; fileRef = 91CFDC442A40789A00B15ECC /* ThreadsViewModel.swift */; };
		AF69CE702A4197B100CA46FC /* Localizable.strings in Resources */ = {isa = PBXBuildFile; fileRef = AF69CE722A4197B100CA46FC /* Localizable.strings */; };
		AF69CE782A41995300CA46FC /* swiftgen.yml in Resources */ = {isa = PBXBuildFile; fileRef = AF69CE772A41995300CA46FC /* swiftgen.yml */; };
		AF69CE7A2A419DC200CA46FC /* Strings+Generated.swift in Sources */ = {isa = PBXBuildFile; fileRef = AF69CE792A419DC200CA46FC /* Strings+Generated.swift */; };
/* End PBXBuildFile section */

/* Begin PBXContainerItemProxy section */
		915D72162A40520D001D56D3 /* PBXContainerItemProxy */ = {
			isa = PBXContainerItemProxy;
			containerPortal = 915D71F72A40520D001D56D3 /* Project object */;
			proxyType = 1;
			remoteGlobalIDString = 915D71FE2A40520D001D56D3;
			remoteInfo = FourChan;
		};
		915D72202A40520D001D56D3 /* PBXContainerItemProxy */ = {
			isa = PBXContainerItemProxy;
			containerPortal = 915D71F72A40520D001D56D3 /* Project object */;
			proxyType = 1;
			remoteGlobalIDString = 915D71FE2A40520D001D56D3;
			remoteInfo = FourChan;
		};
/* End PBXContainerItemProxy section */

/* Begin PBXFileReference section */
		915D71FF2A40520D001D56D3 /* FourChan.app */ = {isa = PBXFileReference; explicitFileType = wrapper.application; includeInIndex = 0; path = FourChan.app; sourceTree = BUILT_PRODUCTS_DIR; };
		915D72022A40520D001D56D3 /* AppDelegate.swift */ = {isa = PBXFileReference; lastKnownFileType = sourcecode.swift; path = AppDelegate.swift; sourceTree = "<group>"; };
		915D72042A40520D001D56D3 /* SceneDelegate.swift */ = {isa = PBXFileReference; lastKnownFileType = sourcecode.swift; path = SceneDelegate.swift; sourceTree = "<group>"; };
		915D720B2A40520D001D56D3 /* Assets.xcassets */ = {isa = PBXFileReference; lastKnownFileType = folder.assetcatalog; path = Assets.xcassets; sourceTree = "<group>"; };
		915D720E2A40520D001D56D3 /* Base */ = {isa = PBXFileReference; lastKnownFileType = file.storyboard; name = Base; path = Base.lproj/LaunchScreen.storyboard; sourceTree = "<group>"; };
		915D72102A40520D001D56D3 /* Info.plist */ = {isa = PBXFileReference; lastKnownFileType = text.plist.xml; path = Info.plist; sourceTree = "<group>"; };
		915D72152A40520D001D56D3 /* FourChanTests.xctest */ = {isa = PBXFileReference; explicitFileType = wrapper.cfbundle; includeInIndex = 0; path = FourChanTests.xctest; sourceTree = BUILT_PRODUCTS_DIR; };
		915D72192A40520D001D56D3 /* FourChanTests.swift */ = {isa = PBXFileReference; lastKnownFileType = sourcecode.swift; path = FourChanTests.swift; sourceTree = "<group>"; };
		915D721F2A40520D001D56D3 /* FourChanUITests.xctest */ = {isa = PBXFileReference; explicitFileType = wrapper.cfbundle; includeInIndex = 0; path = FourChanUITests.xctest; sourceTree = BUILT_PRODUCTS_DIR; };
		915D72232A40520D001D56D3 /* FourChanUITests.swift */ = {isa = PBXFileReference; lastKnownFileType = sourcecode.swift; path = FourChanUITests.swift; sourceTree = "<group>"; };
		915D72252A40520D001D56D3 /* FourChanUITestsLaunchTests.swift */ = {isa = PBXFileReference; lastKnownFileType = sourcecode.swift; path = FourChanUITestsLaunchTests.swift; sourceTree = "<group>"; };
		91B810962A4099320054D93A /* ThreadViewController.swift */ = {isa = PBXFileReference; lastKnownFileType = sourcecode.swift; path = ThreadViewController.swift; sourceTree = "<group>"; };
		91CFDC212A40583400B15ECC /* ThreadsViewController.swift */ = {isa = PBXFileReference; lastKnownFileType = sourcecode.swift; path = ThreadsViewController.swift; sourceTree = "<group>"; };
		91CFDC232A40587800B15ECC /* ThreadsView.swift */ = {isa = PBXFileReference; lastKnownFileType = sourcecode.swift; path = ThreadsView.swift; sourceTree = "<group>"; };
		91CFDC262A4058B700B15ECC /* BaseView.swift */ = {isa = PBXFileReference; lastKnownFileType = sourcecode.swift; path = BaseView.swift; sourceTree = "<group>"; };
		91CFDC282A4058D000B15ECC /* Builder.swift */ = {isa = PBXFileReference; lastKnownFileType = sourcecode.swift; path = Builder.swift; sourceTree = "<group>"; };
		91CFDC2B2A40596300B15ECC /* UIViewExtensions.swift */ = {isa = PBXFileReference; lastKnownFileType = sourcecode.swift; path = UIViewExtensions.swift; sourceTree = "<group>"; };
		91CFDC2D2A405DAA00B15ECC /* UITableViewExtensions.swift */ = {isa = PBXFileReference; lastKnownFileType = sourcecode.swift; path = UITableViewExtensions.swift; sourceTree = "<group>"; };
		91CFDC2F2A405EE100B15ECC /* ThreadsCell.swift */ = {isa = PBXFileReference; lastKnownFileType = sourcecode.swift; path = ThreadsCell.swift; sourceTree = "<group>"; };
		91CFDC322A406A0500B15ECC /* ThreadsTableViewDatasource.swift */ = {isa = PBXFileReference; lastKnownFileType = sourcecode.swift; path = ThreadsTableViewDatasource.swift; sourceTree = "<group>"; };
		91CFDC352A406A5F00B15ECC /* ThreadsModels.swift */ = {isa = PBXFileReference; lastKnownFileType = sourcecode.swift; path = ThreadsModels.swift; sourceTree = "<group>"; };
		91CFDC382A4070EB00B15ECC /* ThreadsStore.swift */ = {isa = PBXFileReference; lastKnownFileType = sourcecode.swift; path = ThreadsStore.swift; sourceTree = "<group>"; };
		91CFDC3A2A40710E00B15ECC /* Observable.swift */ = {isa = PBXFileReference; lastKnownFileType = sourcecode.swift; path = Observable.swift; sourceTree = "<group>"; };
		91CFDC3D2A40726B00B15ECC /* Provider.swift */ = {isa = PBXFileReference; lastKnownFileType = sourcecode.swift; path = Provider.swift; sourceTree = "<group>"; };
		91CFDC3F2A40736800B15ECC /* DataRequestExtensions.swift */ = {isa = PBXFileReference; lastKnownFileType = sourcecode.swift; path = DataRequestExtensions.swift; sourceTree = "<group>"; };
		91CFDC422A40743500B15ECC /* ThreadsProvider.swift */ = {isa = PBXFileReference; lastKnownFileType = sourcecode.swift; path = ThreadsProvider.swift; sourceTree = "<group>"; };
		91CFDC442A40789A00B15ECC /* ThreadsViewModel.swift */ = {isa = PBXFileReference; lastKnownFileType = sourcecode.swift; path = ThreadsViewModel.swift; sourceTree = "<group>"; };
		AF69CE712A4197B100CA46FC /* en */ = {isa = PBXFileReference; lastKnownFileType = text.plist.strings; name = en; path = en.lproj/Localizable.strings; sourceTree = "<group>"; };
		AF69CE732A4197BB00CA46FC /* ru */ = {isa = PBXFileReference; lastKnownFileType = text.plist.strings; name = ru; path = ru.lproj/Localizable.strings; sourceTree = "<group>"; };
		AF69CE772A41995300CA46FC /* swiftgen.yml */ = {isa = PBXFileReference; fileEncoding = 4; lastKnownFileType = text.yaml; name = swiftgen.yml; path = ../../../../swiftgen.yml; sourceTree = "<group>"; };
		AF69CE792A419DC200CA46FC /* Strings+Generated.swift */ = {isa = PBXFileReference; fileEncoding = 4; lastKnownFileType = sourcecode.swift; path = "Strings+Generated.swift"; sourceTree = "<group>"; };
/* End PBXFileReference section */

/* Begin PBXFrameworksBuildPhase section */
		915D71FC2A40520D001D56D3 /* Frameworks */ = {
			isa = PBXFrameworksBuildPhase;
			buildActionMask = 2147483647;
			files = (
				91CFDC112A40532B00B15ECC /* Kingfisher in Frameworks */,
				91CFDC192A40539600B15ECC /* Alamofire in Frameworks */,
				91CFDC0C2A40531D00B15ECC /* Promises in Frameworks */,
				91CFDC082A40531D00B15ECC /* FBLPromises in Frameworks */,
				91B810942A407C5E0054D93A /* SnapKit in Frameworks */,
			);
			runOnlyForDeploymentPostprocessing = 0;
		};
		915D72122A40520D001D56D3 /* Frameworks */ = {
			isa = PBXFrameworksBuildPhase;
			buildActionMask = 2147483647;
			files = (
				91CFDC0E2A40531D00B15ECC /* PromisesTestHelpers in Frameworks */,
				91CFDC0A2A40531D00B15ECC /* FBLPromisesTestHelpers in Frameworks */,
			);
			runOnlyForDeploymentPostprocessing = 0;
		};
		915D721C2A40520D001D56D3 /* Frameworks */ = {
			isa = PBXFrameworksBuildPhase;
			buildActionMask = 2147483647;
			files = (
			);
			runOnlyForDeploymentPostprocessing = 0;
		};
/* End PBXFrameworksBuildPhase section */

/* Begin PBXGroup section */
		915D71F62A40520D001D56D3 = {
			isa = PBXGroup;
			children = (
				915D72012A40520D001D56D3 /* FourChan */,
				915D72182A40520D001D56D3 /* FourChanTests */,
				915D72222A40520D001D56D3 /* FourChanUITests */,
				915D72002A40520D001D56D3 /* Products */,
			);
			sourceTree = "<group>";
		};
		915D72002A40520D001D56D3 /* Products */ = {
			isa = PBXGroup;
			children = (
				915D71FF2A40520D001D56D3 /* FourChan.app */,
				915D72152A40520D001D56D3 /* FourChanTests.xctest */,
				915D721F2A40520D001D56D3 /* FourChanUITests.xctest */,
			);
			name = Products;
			sourceTree = "<group>";
		};
		915D72012A40520D001D56D3 /* FourChan */ = {
			isa = PBXGroup;
			children = (
				AF69CE762A41983D00CA46FC /* SwiftGen */,
				91CFDC1D2A40572700B15ECC /* Common */,
				91CFDC1A2A40571000B15ECC /* Modules */,
			);
			path = FourChan;
			sourceTree = "<group>";
		};
		915D72182A40520D001D56D3 /* FourChanTests */ = {
			isa = PBXGroup;
			children = (
				915D72192A40520D001D56D3 /* FourChanTests.swift */,
			);
			path = FourChanTests;
			sourceTree = "<group>";
		};
		915D72222A40520D001D56D3 /* FourChanUITests */ = {
			isa = PBXGroup;
			children = (
				915D72232A40520D001D56D3 /* FourChanUITests.swift */,
				915D72252A40520D001D56D3 /* FourChanUITestsLaunchTests.swift */,
			);
			path = FourChanUITests;
			sourceTree = "<group>";
		};
		91B810952A4099230054D93A /* ThreadViewController */ = {
			isa = PBXGroup;
			children = (
				91B810962A4099320054D93A /* ThreadViewController.swift */,
			);
			path = ThreadViewController;
			sourceTree = "<group>";
		};
		91CFDC1A2A40571000B15ECC /* Modules */ = {
			isa = PBXGroup;
			children = (
				91CFDC1C2A40572000B15ECC /* Thread */,
				91CFDC1B2A40571700B15ECC /* Threads */,
			);
			path = Modules;
			sourceTree = "<group>";
		};
		91CFDC1B2A40571700B15ECC /* Threads */ = {
			isa = PBXGroup;
			children = (
				91CFDC412A40742A00B15ECC /* Provider */,
				91CFDC372A4070DE00B15ECC /* Store */,
				91CFDC342A406A4C00B15ECC /* Models */,
				91CFDC202A40582300B15ECC /* View */,
			);
			path = Threads;
			sourceTree = "<group>";
		};
		91CFDC1C2A40572000B15ECC /* Thread */ = {
			isa = PBXGroup;
			children = (
				91B810952A4099230054D93A /* ThreadViewController */,
			);
			path = Thread;
			sourceTree = "<group>";
		};
		91CFDC1D2A40572700B15ECC /* Common */ = {
			isa = PBXGroup;
			children = (
				91CFDC3C2A40724700B15ECC /* Provider */,
				91CFDC2A2A40595200B15ECC /* Extensions */,
				91CFDC252A4058A600B15ECC /* Helpers */,
				91CFDC1F2A40576600B15ECC /* Entry */,
				91CFDC1E2A40575A00B15ECC /* Support */,
			);
			path = Common;
			sourceTree = "<group>";
		};
		91CFDC1E2A40575A00B15ECC /* Support */ = {
			isa = PBXGroup;
			children = (
				915D720B2A40520D001D56D3 /* Assets.xcassets */,
				915D720D2A40520D001D56D3 /* LaunchScreen.storyboard */,
				915D72102A40520D001D56D3 /* Info.plist */,
				AF69CE772A41995300CA46FC /* swiftgen.yml */,
				AF69CE722A4197B100CA46FC /* Localizable.strings */,
			);
			path = Support;
			sourceTree = "<group>";
		};
		91CFDC1F2A40576600B15ECC /* Entry */ = {
			isa = PBXGroup;
			children = (
				915D72022A40520D001D56D3 /* AppDelegate.swift */,
				915D72042A40520D001D56D3 /* SceneDelegate.swift */,
			);
			path = Entry;
			sourceTree = "<group>";
		};
		91CFDC202A40582300B15ECC /* View */ = {
			isa = PBXGroup;
			children = (
				91CFDC312A4069F100B15ECC /* TableView */,
				91CFDC212A40583400B15ECC /* ThreadsViewController.swift */,
				91CFDC232A40587800B15ECC /* ThreadsView.swift */,
			);
			path = View;
			sourceTree = "<group>";
		};
		91CFDC252A4058A600B15ECC /* Helpers */ = {
			isa = PBXGroup;
			children = (
				91CFDC262A4058B700B15ECC /* BaseView.swift */,
				91CFDC282A4058D000B15ECC /* Builder.swift */,
				91CFDC3A2A40710E00B15ECC /* Observable.swift */,
			);
			path = Helpers;
			sourceTree = "<group>";
		};
		91CFDC2A2A40595200B15ECC /* Extensions */ = {
			isa = PBXGroup;
			children = (
				91CFDC2B2A40596300B15ECC /* UIViewExtensions.swift */,
				91CFDC2D2A405DAA00B15ECC /* UITableViewExtensions.swift */,
				91CFDC3F2A40736800B15ECC /* DataRequestExtensions.swift */,
			);
			path = Extensions;
			sourceTree = "<group>";
		};
		91CFDC312A4069F100B15ECC /* TableView */ = {
			isa = PBXGroup;
			children = (
				91CFDC2F2A405EE100B15ECC /* ThreadsCell.swift */,
				91CFDC322A406A0500B15ECC /* ThreadsTableViewDatasource.swift */,
			);
			path = TableView;
			sourceTree = "<group>";
		};
		91CFDC342A406A4C00B15ECC /* Models */ = {
			isa = PBXGroup;
			children = (
				91CFDC352A406A5F00B15ECC /* ThreadsModels.swift */,
				91CFDC442A40789A00B15ECC /* ThreadsViewModel.swift */,
			);
			path = Models;
			sourceTree = "<group>";
		};
		91CFDC372A4070DE00B15ECC /* Store */ = {
			isa = PBXGroup;
			children = (
				91CFDC382A4070EB00B15ECC /* ThreadsStore.swift */,
			);
			path = Store;
			sourceTree = "<group>";
		};
		91CFDC3C2A40724700B15ECC /* Provider */ = {
			isa = PBXGroup;
			children = (
				91CFDC3D2A40726B00B15ECC /* Provider.swift */,
			);
			path = Provider;
			sourceTree = "<group>";
		};
		91CFDC412A40742A00B15ECC /* Provider */ = {
			isa = PBXGroup;
			children = (
				91CFDC422A40743500B15ECC /* ThreadsProvider.swift */,
			);
			path = Provider;
			sourceTree = "<group>";
		};
		AF69CE762A41983D00CA46FC /* SwiftGen */ = {
			isa = PBXGroup;
			children = (
				AF69CE792A419DC200CA46FC /* Strings+Generated.swift */,
			);
			path = SwiftGen;
			sourceTree = "<group>";
		};
/* End PBXGroup section */

/* Begin PBXNativeTarget section */
		915D71FE2A40520D001D56D3 /* FourChan */ = {
			isa = PBXNativeTarget;
			buildConfigurationList = 915D72292A40520D001D56D3 /* Build configuration list for PBXNativeTarget "FourChan" */;
			buildPhases = (
				915D71FB2A40520D001D56D3 /* Sources */,
				915D71FC2A40520D001D56D3 /* Frameworks */,
				915D71FD2A40520D001D56D3 /* Resources */,
			);
			buildRules = (
			);
			dependencies = (
			);
			name = FourChan;
			packageProductDependencies = (
				91CFDC072A40531D00B15ECC /* FBLPromises */,
				91CFDC0B2A40531D00B15ECC /* Promises */,
				91CFDC102A40532B00B15ECC /* Kingfisher */,
				91CFDC182A40539600B15ECC /* Alamofire */,
				91B810932A407C5E0054D93A /* SnapKit */,
			);
			productName = FourChan;
			productReference = 915D71FF2A40520D001D56D3 /* FourChan.app */;
			productType = "com.apple.product-type.application";
		};
		915D72142A40520D001D56D3 /* FourChanTests */ = {
			isa = PBXNativeTarget;
			buildConfigurationList = 915D722C2A40520D001D56D3 /* Build configuration list for PBXNativeTarget "FourChanTests" */;
			buildPhases = (
				915D72112A40520D001D56D3 /* Sources */,
				915D72122A40520D001D56D3 /* Frameworks */,
				915D72132A40520D001D56D3 /* Resources */,
			);
			buildRules = (
			);
			dependencies = (
				915D72172A40520D001D56D3 /* PBXTargetDependency */,
			);
			name = FourChanTests;
			packageProductDependencies = (
				91CFDC092A40531D00B15ECC /* FBLPromisesTestHelpers */,
				91CFDC0D2A40531D00B15ECC /* PromisesTestHelpers */,
			);
			productName = FourChanTests;
			productReference = 915D72152A40520D001D56D3 /* FourChanTests.xctest */;
			productType = "com.apple.product-type.bundle.unit-test";
		};
		915D721E2A40520D001D56D3 /* FourChanUITests */ = {
			isa = PBXNativeTarget;
			buildConfigurationList = 915D722F2A40520D001D56D3 /* Build configuration list for PBXNativeTarget "FourChanUITests" */;
			buildPhases = (
				915D721B2A40520D001D56D3 /* Sources */,
				915D721C2A40520D001D56D3 /* Frameworks */,
				915D721D2A40520D001D56D3 /* Resources */,
			);
			buildRules = (
			);
			dependencies = (
				915D72212A40520D001D56D3 /* PBXTargetDependency */,
			);
			name = FourChanUITests;
			productName = FourChanUITests;
			productReference = 915D721F2A40520D001D56D3 /* FourChanUITests.xctest */;
			productType = "com.apple.product-type.bundle.ui-testing";
		};
/* End PBXNativeTarget section */

/* Begin PBXProject section */
		915D71F72A40520D001D56D3 /* Project object */ = {
			isa = PBXProject;
			attributes = {
				BuildIndependentTargetsInParallel = 1;
				LastSwiftUpdateCheck = 1430;
				LastUpgradeCheck = 1430;
				TargetAttributes = {
					915D71FE2A40520D001D56D3 = {
						CreatedOnToolsVersion = 14.3.1;
					};
					915D72142A40520D001D56D3 = {
						CreatedOnToolsVersion = 14.3.1;
						TestTargetID = 915D71FE2A40520D001D56D3;
					};
					915D721E2A40520D001D56D3 = {
						CreatedOnToolsVersion = 14.3.1;
						TestTargetID = 915D71FE2A40520D001D56D3;
					};
				};
			};
			buildConfigurationList = 915D71FA2A40520D001D56D3 /* Build configuration list for PBXProject "FourChan" */;
			compatibilityVersion = "Xcode 14.0";
			developmentRegion = en;
			hasScannedForEncodings = 0;
			knownRegions = (
				en,
				Base,
				ru,
			);
			mainGroup = 915D71F62A40520D001D56D3;
			packageReferences = (
				91CFDC062A40531D00B15ECC /* XCRemoteSwiftPackageReference "promises" */,
				91CFDC0F2A40532B00B15ECC /* XCRemoteSwiftPackageReference "Kingfisher" */,
				91CFDC172A40539600B15ECC /* XCRemoteSwiftPackageReference "Alamofire" */,
				91B810922A407C5E0054D93A /* XCRemoteSwiftPackageReference "SnapKit" */,
				AF69CE7B2A419F3200CA46FC /* XCRemoteSwiftPackageReference "SwiftGen" */,
			);
			productRefGroup = 915D72002A40520D001D56D3 /* Products */;
			projectDirPath = "";
			projectRoot = "";
			targets = (
				915D71FE2A40520D001D56D3 /* FourChan */,
				915D72142A40520D001D56D3 /* FourChanTests */,
				915D721E2A40520D001D56D3 /* FourChanUITests */,
			);
		};
/* End PBXProject section */

/* Begin PBXResourcesBuildPhase section */
		915D71FD2A40520D001D56D3 /* Resources */ = {
			isa = PBXResourcesBuildPhase;
			buildActionMask = 2147483647;
			files = (
				915D720F2A40520D001D56D3 /* LaunchScreen.storyboard in Resources */,
				AF69CE702A4197B100CA46FC /* Localizable.strings in Resources */,
				915D720C2A40520D001D56D3 /* Assets.xcassets in Resources */,
				AF69CE782A41995300CA46FC /* swiftgen.yml in Resources */,
			);
			runOnlyForDeploymentPostprocessing = 0;
		};
		915D72132A40520D001D56D3 /* Resources */ = {
			isa = PBXResourcesBuildPhase;
			buildActionMask = 2147483647;
			files = (
			);
			runOnlyForDeploymentPostprocessing = 0;
		};
		915D721D2A40520D001D56D3 /* Resources */ = {
			isa = PBXResourcesBuildPhase;
			buildActionMask = 2147483647;
			files = (
			);
			runOnlyForDeploymentPostprocessing = 0;
		};
/* End PBXResourcesBuildPhase section */

/* Begin PBXSourcesBuildPhase section */
		915D71FB2A40520D001D56D3 /* Sources */ = {
			isa = PBXSourcesBuildPhase;
			buildActionMask = 2147483647;
			files = (
				91CFDC3B2A40710E00B15ECC /* Observable.swift in Sources */,
				AF69CE7A2A419DC200CA46FC /* Strings+Generated.swift in Sources */,
				91CFDC222A40583400B15ECC /* ThreadsViewController.swift in Sources */,
				91CFDC3E2A40726B00B15ECC /* Provider.swift in Sources */,
				91CFDC402A40736800B15ECC /* DataRequestExtensions.swift in Sources */,
				91CFDC2C2A40596300B15ECC /* UIViewExtensions.swift in Sources */,
				91CFDC452A40789A00B15ECC /* ThreadsViewModel.swift in Sources */,
				915D72032A40520D001D56D3 /* AppDelegate.swift in Sources */,
				91CFDC432A40743500B15ECC /* ThreadsProvider.swift in Sources */,
				91B810972A4099320054D93A /* ThreadViewController.swift in Sources */,
				91CFDC272A4058B700B15ECC /* BaseView.swift in Sources */,
				91CFDC242A40587800B15ECC /* ThreadsView.swift in Sources */,
				91CFDC392A4070EB00B15ECC /* ThreadsStore.swift in Sources */,
				915D72052A40520D001D56D3 /* SceneDelegate.swift in Sources */,
				91CFDC332A406A0500B15ECC /* ThreadsTableViewDatasource.swift in Sources */,
				91CFDC292A4058D000B15ECC /* Builder.swift in Sources */,
				91CFDC2E2A405DAA00B15ECC /* UITableViewExtensions.swift in Sources */,
				91CFDC302A405EE100B15ECC /* ThreadsCell.swift in Sources */,
				91CFDC362A406A6000B15ECC /* ThreadsModels.swift in Sources */,
			);
			runOnlyForDeploymentPostprocessing = 0;
		};
		915D72112A40520D001D56D3 /* Sources */ = {
			isa = PBXSourcesBuildPhase;
			buildActionMask = 2147483647;
			files = (
				915D721A2A40520D001D56D3 /* FourChanTests.swift in Sources */,
			);
			runOnlyForDeploymentPostprocessing = 0;
		};
		915D721B2A40520D001D56D3 /* Sources */ = {
			isa = PBXSourcesBuildPhase;
			buildActionMask = 2147483647;
			files = (
				915D72262A40520D001D56D3 /* FourChanUITestsLaunchTests.swift in Sources */,
				915D72242A40520D001D56D3 /* FourChanUITests.swift in Sources */,
			);
			runOnlyForDeploymentPostprocessing = 0;
		};
/* End PBXSourcesBuildPhase section */

/* Begin PBXTargetDependency section */
		915D72172A40520D001D56D3 /* PBXTargetDependency */ = {
			isa = PBXTargetDependency;
			target = 915D71FE2A40520D001D56D3 /* FourChan */;
			targetProxy = 915D72162A40520D001D56D3 /* PBXContainerItemProxy */;
		};
		915D72212A40520D001D56D3 /* PBXTargetDependency */ = {
			isa = PBXTargetDependency;
			target = 915D71FE2A40520D001D56D3 /* FourChan */;
			targetProxy = 915D72202A40520D001D56D3 /* PBXContainerItemProxy */;
		};
/* End PBXTargetDependency section */

/* Begin PBXVariantGroup section */
		915D720D2A40520D001D56D3 /* LaunchScreen.storyboard */ = {
			isa = PBXVariantGroup;
			children = (
				915D720E2A40520D001D56D3 /* Base */,
			);
			name = LaunchScreen.storyboard;
			sourceTree = "<group>";
		};
		AF69CE722A4197B100CA46FC /* Localizable.strings */ = {
			isa = PBXVariantGroup;
			children = (
				AF69CE712A4197B100CA46FC /* en */,
				AF69CE732A4197BB00CA46FC /* ru */,
			);
			name = Localizable.strings;
			sourceTree = "<group>";
		};
/* End PBXVariantGroup section */

/* Begin XCBuildConfiguration section */
		915D72272A40520D001D56D3 /* Debug */ = {
			isa = XCBuildConfiguration;
			buildSettings = {
				ALWAYS_SEARCH_USER_PATHS = NO;
				CLANG_ANALYZER_LOCALIZABILITY_NONLOCALIZED = YES;
				CLANG_ANALYZER_NONNULL = YES;
				CLANG_ANALYZER_NUMBER_OBJECT_CONVERSION = YES_AGGRESSIVE;
				CLANG_CXX_LANGUAGE_STANDARD = "gnu++20";
				CLANG_ENABLE_MODULES = YES;
				CLANG_ENABLE_OBJC_ARC = YES;
				CLANG_ENABLE_OBJC_WEAK = YES;
				CLANG_WARN_BLOCK_CAPTURE_AUTORELEASING = YES;
				CLANG_WARN_BOOL_CONVERSION = YES;
				CLANG_WARN_COMMA = YES;
				CLANG_WARN_CONSTANT_CONVERSION = YES;
				CLANG_WARN_DEPRECATED_OBJC_IMPLEMENTATIONS = YES;
				CLANG_WARN_DIRECT_OBJC_ISA_USAGE = YES_ERROR;
				CLANG_WARN_DOCUMENTATION_COMMENTS = YES;
				CLANG_WARN_EMPTY_BODY = YES;
				CLANG_WARN_ENUM_CONVERSION = YES;
				CLANG_WARN_INFINITE_RECURSION = YES;
				CLANG_WARN_INT_CONVERSION = YES;
				CLANG_WARN_NON_LITERAL_NULL_CONVERSION = YES;
				CLANG_WARN_OBJC_IMPLICIT_RETAIN_SELF = YES;
				CLANG_WARN_OBJC_LITERAL_CONVERSION = YES;
				CLANG_WARN_OBJC_ROOT_CLASS = YES_ERROR;
				CLANG_WARN_QUOTED_INCLUDE_IN_FRAMEWORK_HEADER = YES;
				CLANG_WARN_RANGE_LOOP_ANALYSIS = YES;
				CLANG_WARN_STRICT_PROTOTYPES = YES;
				CLANG_WARN_SUSPICIOUS_MOVE = YES;
				CLANG_WARN_UNGUARDED_AVAILABILITY = YES_AGGRESSIVE;
				CLANG_WARN_UNREACHABLE_CODE = YES;
				CLANG_WARN__DUPLICATE_METHOD_MATCH = YES;
				COPY_PHASE_STRIP = NO;
				DEBUG_INFORMATION_FORMAT = dwarf;
				ENABLE_STRICT_OBJC_MSGSEND = YES;
				ENABLE_TESTABILITY = YES;
				GCC_C_LANGUAGE_STANDARD = gnu11;
				GCC_DYNAMIC_NO_PIC = NO;
				GCC_NO_COMMON_BLOCKS = YES;
				GCC_OPTIMIZATION_LEVEL = 0;
				GCC_PREPROCESSOR_DEFINITIONS = (
					"DEBUG=1",
					"$(inherited)",
				);
				GCC_WARN_64_TO_32_BIT_CONVERSION = YES;
				GCC_WARN_ABOUT_RETURN_TYPE = YES_ERROR;
				GCC_WARN_UNDECLARED_SELECTOR = YES;
				GCC_WARN_UNINITIALIZED_AUTOS = YES_AGGRESSIVE;
				GCC_WARN_UNUSED_FUNCTION = YES;
				GCC_WARN_UNUSED_VARIABLE = YES;
				IPHONEOS_DEPLOYMENT_TARGET = 16.4;
				MTL_ENABLE_DEBUG_INFO = INCLUDE_SOURCE;
				MTL_FAST_MATH = YES;
				ONLY_ACTIVE_ARCH = YES;
				SDKROOT = iphoneos;
				SWIFT_ACTIVE_COMPILATION_CONDITIONS = DEBUG;
				SWIFT_OPTIMIZATION_LEVEL = "-Onone";
			};
			name = Debug;
		};
		915D72282A40520D001D56D3 /* Release */ = {
			isa = XCBuildConfiguration;
			buildSettings = {
				ALWAYS_SEARCH_USER_PATHS = NO;
				CLANG_ANALYZER_LOCALIZABILITY_NONLOCALIZED = YES;
				CLANG_ANALYZER_NONNULL = YES;
				CLANG_ANALYZER_NUMBER_OBJECT_CONVERSION = YES_AGGRESSIVE;
				CLANG_CXX_LANGUAGE_STANDARD = "gnu++20";
				CLANG_ENABLE_MODULES = YES;
				CLANG_ENABLE_OBJC_ARC = YES;
				CLANG_ENABLE_OBJC_WEAK = YES;
				CLANG_WARN_BLOCK_CAPTURE_AUTORELEASING = YES;
				CLANG_WARN_BOOL_CONVERSION = YES;
				CLANG_WARN_COMMA = YES;
				CLANG_WARN_CONSTANT_CONVERSION = YES;
				CLANG_WARN_DEPRECATED_OBJC_IMPLEMENTATIONS = YES;
				CLANG_WARN_DIRECT_OBJC_ISA_USAGE = YES_ERROR;
				CLANG_WARN_DOCUMENTATION_COMMENTS = YES;
				CLANG_WARN_EMPTY_BODY = YES;
				CLANG_WARN_ENUM_CONVERSION = YES;
				CLANG_WARN_INFINITE_RECURSION = YES;
				CLANG_WARN_INT_CONVERSION = YES;
				CLANG_WARN_NON_LITERAL_NULL_CONVERSION = YES;
				CLANG_WARN_OBJC_IMPLICIT_RETAIN_SELF = YES;
				CLANG_WARN_OBJC_LITERAL_CONVERSION = YES;
				CLANG_WARN_OBJC_ROOT_CLASS = YES_ERROR;
				CLANG_WARN_QUOTED_INCLUDE_IN_FRAMEWORK_HEADER = YES;
				CLANG_WARN_RANGE_LOOP_ANALYSIS = YES;
				CLANG_WARN_STRICT_PROTOTYPES = YES;
				CLANG_WARN_SUSPICIOUS_MOVE = YES;
				CLANG_WARN_UNGUARDED_AVAILABILITY = YES_AGGRESSIVE;
				CLANG_WARN_UNREACHABLE_CODE = YES;
				CLANG_WARN__DUPLICATE_METHOD_MATCH = YES;
				COPY_PHASE_STRIP = NO;
				DEBUG_INFORMATION_FORMAT = "dwarf-with-dsym";
				ENABLE_NS_ASSERTIONS = NO;
				ENABLE_STRICT_OBJC_MSGSEND = YES;
				GCC_C_LANGUAGE_STANDARD = gnu11;
				GCC_NO_COMMON_BLOCKS = YES;
				GCC_WARN_64_TO_32_BIT_CONVERSION = YES;
				GCC_WARN_ABOUT_RETURN_TYPE = YES_ERROR;
				GCC_WARN_UNDECLARED_SELECTOR = YES;
				GCC_WARN_UNINITIALIZED_AUTOS = YES_AGGRESSIVE;
				GCC_WARN_UNUSED_FUNCTION = YES;
				GCC_WARN_UNUSED_VARIABLE = YES;
				IPHONEOS_DEPLOYMENT_TARGET = 16.4;
				MTL_ENABLE_DEBUG_INFO = NO;
				MTL_FAST_MATH = YES;
				SDKROOT = iphoneos;
				SWIFT_COMPILATION_MODE = wholemodule;
				SWIFT_OPTIMIZATION_LEVEL = "-O";
				VALIDATE_PRODUCT = YES;
			};
			name = Release;
		};
		915D722A2A40520D001D56D3 /* Debug */ = {
			isa = XCBuildConfiguration;
			buildSettings = {
				ASSETCATALOG_COMPILER_APPICON_NAME = AppIcon;
				ASSETCATALOG_COMPILER_GLOBAL_ACCENT_COLOR_NAME = AccentColor;
				CODE_SIGN_STYLE = Automatic;
				CURRENT_PROJECT_VERSION = 1;
				GENERATE_INFOPLIST_FILE = YES;
				INFOPLIST_FILE = FourChan/Info.plist;
				INFOPLIST_KEY_UIApplicationSupportsIndirectInputEvents = YES;
				INFOPLIST_KEY_UILaunchStoryboardName = LaunchScreen.storyboard;
				INFOPLIST_KEY_UISupportedInterfaceOrientations_iPad = "UIInterfaceOrientationPortrait UIInterfaceOrientationPortraitUpsideDown UIInterfaceOrientationLandscapeLeft UIInterfaceOrientationLandscapeRight";
				INFOPLIST_KEY_UISupportedInterfaceOrientations_iPhone = "UIInterfaceOrientationPortrait UIInterfaceOrientationLandscapeLeft UIInterfaceOrientationLandscapeRight";
				LD_RUNPATH_SEARCH_PATHS = (
					"$(inherited)",
					"@executable_path/Frameworks",
				);
				MARKETING_VERSION = 1.0;
				PRODUCT_BUNDLE_IDENTIFIER = kz.kcell.FourChan.FourChan;
				PRODUCT_NAME = "$(TARGET_NAME)";
				SWIFT_EMIT_LOC_STRINGS = YES;
				SWIFT_VERSION = 5.0;
				TARGETED_DEVICE_FAMILY = "1,2";
			};
			name = Debug;
		};
		915D722B2A40520D001D56D3 /* Release */ = {
			isa = XCBuildConfiguration;
			buildSettings = {
				ASSETCATALOG_COMPILER_APPICON_NAME = AppIcon;
				ASSETCATALOG_COMPILER_GLOBAL_ACCENT_COLOR_NAME = AccentColor;
				CODE_SIGN_STYLE = Automatic;
				CURRENT_PROJECT_VERSION = 1;
				GENERATE_INFOPLIST_FILE = YES;
				INFOPLIST_FILE = FourChan/Info.plist;
				INFOPLIST_KEY_UIApplicationSupportsIndirectInputEvents = YES;
				INFOPLIST_KEY_UILaunchStoryboardName = LaunchScreen.storyboard;
				INFOPLIST_KEY_UISupportedInterfaceOrientations_iPad = "UIInterfaceOrientationPortrait UIInterfaceOrientationPortraitUpsideDown UIInterfaceOrientationLandscapeLeft UIInterfaceOrientationLandscapeRight";
				INFOPLIST_KEY_UISupportedInterfaceOrientations_iPhone = "UIInterfaceOrientationPortrait UIInterfaceOrientationLandscapeLeft UIInterfaceOrientationLandscapeRight";
				LD_RUNPATH_SEARCH_PATHS = (
					"$(inherited)",
					"@executable_path/Frameworks",
				);
				MARKETING_VERSION = 1.0;
				PRODUCT_BUNDLE_IDENTIFIER = kz.kcell.FourChan.FourChan;
				PRODUCT_NAME = "$(TARGET_NAME)";
				SWIFT_EMIT_LOC_STRINGS = YES;
				SWIFT_VERSION = 5.0;
				TARGETED_DEVICE_FAMILY = "1,2";
			};
			name = Release;
		};
		915D722D2A40520D001D56D3 /* Debug */ = {
			isa = XCBuildConfiguration;
			buildSettings = {
				ALWAYS_EMBED_SWIFT_STANDARD_LIBRARIES = YES;
				BUNDLE_LOADER = "$(TEST_HOST)";
				CODE_SIGN_STYLE = Automatic;
				CURRENT_PROJECT_VERSION = 1;
				GENERATE_INFOPLIST_FILE = YES;
				IPHONEOS_DEPLOYMENT_TARGET = 16.4;
				MARKETING_VERSION = 1.0;
				PRODUCT_BUNDLE_IDENTIFIER = kz.kcell.FourChan.FourChanTests;
				PRODUCT_NAME = "$(TARGET_NAME)";
				SWIFT_EMIT_LOC_STRINGS = NO;
				SWIFT_VERSION = 5.0;
				TARGETED_DEVICE_FAMILY = "1,2";
				TEST_HOST = "$(BUILT_PRODUCTS_DIR)/FourChan.app/$(BUNDLE_EXECUTABLE_FOLDER_PATH)/FourChan";
			};
			name = Debug;
		};
		915D722E2A40520D001D56D3 /* Release */ = {
			isa = XCBuildConfiguration;
			buildSettings = {
				ALWAYS_EMBED_SWIFT_STANDARD_LIBRARIES = YES;
				BUNDLE_LOADER = "$(TEST_HOST)";
				CODE_SIGN_STYLE = Automatic;
				CURRENT_PROJECT_VERSION = 1;
				GENERATE_INFOPLIST_FILE = YES;
				IPHONEOS_DEPLOYMENT_TARGET = 16.4;
				MARKETING_VERSION = 1.0;
				PRODUCT_BUNDLE_IDENTIFIER = kz.kcell.FourChan.FourChanTests;
				PRODUCT_NAME = "$(TARGET_NAME)";
				SWIFT_EMIT_LOC_STRINGS = NO;
				SWIFT_VERSION = 5.0;
				TARGETED_DEVICE_FAMILY = "1,2";
				TEST_HOST = "$(BUILT_PRODUCTS_DIR)/FourChan.app/$(BUNDLE_EXECUTABLE_FOLDER_PATH)/FourChan";
			};
			name = Release;
		};
		915D72302A40520D001D56D3 /* Debug */ = {
			isa = XCBuildConfiguration;
			buildSettings = {
				ALWAYS_EMBED_SWIFT_STANDARD_LIBRARIES = YES;
				CODE_SIGN_STYLE = Automatic;
				CURRENT_PROJECT_VERSION = 1;
				GENERATE_INFOPLIST_FILE = YES;
				MARKETING_VERSION = 1.0;
				PRODUCT_BUNDLE_IDENTIFIER = kz.kcell.FourChan.FourChanUITests;
				PRODUCT_NAME = "$(TARGET_NAME)";
				SWIFT_EMIT_LOC_STRINGS = NO;
				SWIFT_VERSION = 5.0;
				TARGETED_DEVICE_FAMILY = "1,2";
				TEST_TARGET_NAME = FourChan;
			};
			name = Debug;
		};
		915D72312A40520D001D56D3 /* Release */ = {
			isa = XCBuildConfiguration;
			buildSettings = {
				ALWAYS_EMBED_SWIFT_STANDARD_LIBRARIES = YES;
				CODE_SIGN_STYLE = Automatic;
				CURRENT_PROJECT_VERSION = 1;
				GENERATE_INFOPLIST_FILE = YES;
				MARKETING_VERSION = 1.0;
				PRODUCT_BUNDLE_IDENTIFIER = kz.kcell.FourChan.FourChanUITests;
				PRODUCT_NAME = "$(TARGET_NAME)";
				SWIFT_EMIT_LOC_STRINGS = NO;
				SWIFT_VERSION = 5.0;
				TARGETED_DEVICE_FAMILY = "1,2";
				TEST_TARGET_NAME = FourChan;
			};
			name = Release;
		};
/* End XCBuildConfiguration section */

/* Begin XCConfigurationList section */
		915D71FA2A40520D001D56D3 /* Build configuration list for PBXProject "FourChan" */ = {
			isa = XCConfigurationList;
			buildConfigurations = (
				915D72272A40520D001D56D3 /* Debug */,
				915D72282A40520D001D56D3 /* Release */,
			);
			defaultConfigurationIsVisible = 0;
			defaultConfigurationName = Release;
		};
		915D72292A40520D001D56D3 /* Build configuration list for PBXNativeTarget "FourChan" */ = {
			isa = XCConfigurationList;
			buildConfigurations = (
				915D722A2A40520D001D56D3 /* Debug */,
				915D722B2A40520D001D56D3 /* Release */,
			);
			defaultConfigurationIsVisible = 0;
			defaultConfigurationName = Release;
		};
		915D722C2A40520D001D56D3 /* Build configuration list for PBXNativeTarget "FourChanTests" */ = {
			isa = XCConfigurationList;
			buildConfigurations = (
				915D722D2A40520D001D56D3 /* Debug */,
				915D722E2A40520D001D56D3 /* Release */,
			);
			defaultConfigurationIsVisible = 0;
			defaultConfigurationName = Release;
		};
		915D722F2A40520D001D56D3 /* Build configuration list for PBXNativeTarget "FourChanUITests" */ = {
			isa = XCConfigurationList;
			buildConfigurations = (
				915D72302A40520D001D56D3 /* Debug */,
				915D72312A40520D001D56D3 /* Release */,
			);
			defaultConfigurationIsVisible = 0;
			defaultConfigurationName = Release;
		};
/* End XCConfigurationList section */

/* Begin XCRemoteSwiftPackageReference section */
		91B810922A407C5E0054D93A /* XCRemoteSwiftPackageReference "SnapKit" */ = {
			isa = XCRemoteSwiftPackageReference;
			repositoryURL = "https://github.com/SnapKit/SnapKit";
			requirement = {
				kind = upToNextMajorVersion;
				minimumVersion = 5.0.0;
			};
		};
		91CFDC062A40531D00B15ECC /* XCRemoteSwiftPackageReference "promises" */ = {
			isa = XCRemoteSwiftPackageReference;
			repositoryURL = "https://github.com/google/promises.git";
			requirement = {
				kind = upToNextMajorVersion;
				minimumVersion = 2.0.0;
			};
		};
		91CFDC0F2A40532B00B15ECC /* XCRemoteSwiftPackageReference "Kingfisher" */ = {
			isa = XCRemoteSwiftPackageReference;
			repositoryURL = "https://github.com/onevcat/Kingfisher.git";
			requirement = {
				kind = upToNextMajorVersion;
				minimumVersion = 7.0.0;
			};
		};
		91CFDC172A40539600B15ECC /* XCRemoteSwiftPackageReference "Alamofire" */ = {
			isa = XCRemoteSwiftPackageReference;
			repositoryURL = "https://github.com/Alamofire/Alamofire.git";
			requirement = {
				kind = upToNextMajorVersion;
				minimumVersion = 5.0.0;
			};
		};
		AF69CE7B2A419F3200CA46FC /* XCRemoteSwiftPackageReference "SwiftGen" */ = {
			isa = XCRemoteSwiftPackageReference;
			repositoryURL = "https://github.com/SwiftGen/SwiftGen";
			requirement = {
				kind = upToNextMajorVersion;
				minimumVersion = 6.0.0;
			};
		};
/* End XCRemoteSwiftPackageReference section */

/* Begin XCSwiftPackageProductDependency section */
		91B810932A407C5E0054D93A /* SnapKit */ = {
			isa = XCSwiftPackageProductDependency;
			package = 91B810922A407C5E0054D93A /* XCRemoteSwiftPackageReference "SnapKit" */;
			productName = SnapKit;
		};
		91CFDC072A40531D00B15ECC /* FBLPromises */ = {
			isa = XCSwiftPackageProductDependency;
			package = 91CFDC062A40531D00B15ECC /* XCRemoteSwiftPackageReference "promises" */;
			productName = FBLPromises;
		};
		91CFDC092A40531D00B15ECC /* FBLPromisesTestHelpers */ = {
			isa = XCSwiftPackageProductDependency;
			package = 91CFDC062A40531D00B15ECC /* XCRemoteSwiftPackageReference "promises" */;
			productName = FBLPromisesTestHelpers;
		};
		91CFDC0B2A40531D00B15ECC /* Promises */ = {
			isa = XCSwiftPackageProductDependency;
			package = 91CFDC062A40531D00B15ECC /* XCRemoteSwiftPackageReference "promises" */;
			productName = Promises;
		};
		91CFDC0D2A40531D00B15ECC /* PromisesTestHelpers */ = {
			isa = XCSwiftPackageProductDependency;
			package = 91CFDC062A40531D00B15ECC /* XCRemoteSwiftPackageReference "promises" */;
			productName = PromisesTestHelpers;
		};
		91CFDC102A40532B00B15ECC /* Kingfisher */ = {
			isa = XCSwiftPackageProductDependency;
			package = 91CFDC0F2A40532B00B15ECC /* XCRemoteSwiftPackageReference "Kingfisher" */;
			productName = Kingfisher;
		};
		91CFDC182A40539600B15ECC /* Alamofire */ = {
			isa = XCSwiftPackageProductDependency;
			package = 91CFDC172A40539600B15ECC /* XCRemoteSwiftPackageReference "Alamofire" */;
			productName = Alamofire;
		};
/* End XCSwiftPackageProductDependency section */
	};
	rootObject = 915D71F72A40520D001D56D3 /* Project object */;
}
